
Microsoft Visual Studio Solution File, Format Version 12.00
# Visual Studio 2013
VisualStudioVersion = 12.0.30501.0
MinimumVisualStudioVersion = 10.0.40219.1
Project("{FAE04EC0-301F-11D3-BF4B-00C04F79EFBC}") = "TodoTasks.Models", "TodoTasks.Models\TodoTasks.Models.csproj", "{D9ED5E57-F51F-43D8-B582-9C30C2BEB7E4}"
EndProject
Project("{FAE04EC0-301F-11D3-BF4B-00C04F79EFBC}") = "TodoTasks.Services", "TodoTasks.Services\TodoTasks.Services.csproj", "{FDBC01DA-BF35-45D6-AF4E-EE5F9940880E}"
EndProject
Project("{FAE04EC0-301F-11D3-BF4B-00C04F79EFBC}") = "TodoTasks.Data", "TodoTasks.Data\TodoTasks.Data.csproj", "{F6B8EE86-D859-4425-A59E-BD79FA3AA87A}"
EndProject
Project("{FAE04EC0-301F-11D3-BF4B-00C04F79EFBC}") = "TodoTask.ConsoleClient", "TodoTask.ConsoleClient\TodoTask.ConsoleClient.csproj", "{CC75BEA7-3BD2-4C00-BA69-375D5053114C}"
EndProject
Global
	GlobalSection(SolutionConfigurationPlatforms) = preSolution
		Debug|Any CPU = Debug|Any CPU
		Release|Any CPU = Release|Any CPU
	EndGlobalSection
	GlobalSection(ProjectConfigurationPlatforms) = postSolution
		{D9ED5E57-F51F-43D8-B582-9C30C2BEB7E4}.Debug|Any CPU.ActiveCfg = Debug|Any CPU
		{D9ED5E57-F51F-43D8-B582-9C30C2BEB7E4}.Debug|Any CPU.Build.0 = Debug|Any CPU
		{D9ED5E57-F51F-43D8-B582-9C30C2BEB7E4}.Release|Any CPU.ActiveCfg = Release|Any CPU
		{D9ED5E57-F51F-43D8-B582-9C30C2BEB7E4}.Release|Any CPU.Build.0 = Release|Any CPU
		{FDBC01DA-BF35-45D6-AF4E-EE5F9940880E}.Debug|Any CPU.ActiveCfg = Debug|Any CPU
		{FDBC01DA-BF35-45D6-AF4E-EE5F9940880E}.Debug|Any CPU.Build.0 = Debug|Any CPU
		{FDBC01DA-BF35-45D6-AF4E-EE5F9940880E}.Release|Any CPU.ActiveCfg = Release|Any CPU
		{FDBC01DA-BF35-45D6-AF4E-EE5F9940880E}.Release|Any CPU.Build.0 = Release|Any CPU
		{F6B8EE86-D859-4425-A59E-BD79FA3AA87A}.Debug|Any CPU.ActiveCfg = Debug|Any CPU
		{F6B8EE86-D859-4425-A59E-BD79FA3AA87A}.Debug|Any CPU.Build.0 = Debug|Any CPU
		{F6B8EE86-D859-4425-A59E-BD79FA3AA87A}.Release|Any CPU.ActiveCfg = Release|Any CPU
		{F6B8EE86-D859-4425-A59E-BD79FA3AA87A}.Release|Any CPU.Build.0 = Release|Any CPU
		{CC75BEA7-3BD2-4C00-BA69-375D5053114C}.Debug|Any CPU.ActiveCfg = Debug|Any CPU
		{CC75BEA7-3BD2-4C00-BA69-375D5053114C}.Debug|Any CPU.Build.0 = Debug|Any CPU
		{CC75BEA7-3BD2-4C00-BA69-375D5053114C}.Release|Any CPU.ActiveCfg = Release|Any CPU
		{CC75BEA7-3BD2-4C00-BA69-375D5053114C}.Release|Any CPU.Build.0 = Release|Any CPU
	EndGlobalSection
	GlobalSection(SolutionProperties) = preSolution
		HideSolutionNode = FALSE
	EndGlobalSection
EndGlobal
